
Microsoft Visual Studio Solution File, Format Version 12.00
# Visual Studio Version 16
VisualStudioVersion = 16.0.30413.136
MinimumVisualStudioVersion = 10.0.40219.1
Project("{FAE04EC0-301F-11D3-BF4B-00C04F79EFBC}") = "SnkrsHome", "SnkrsHome\SnkrsHome.csproj", "{731EC51B-B2B9-4550-86B3-ACF50C7909E2}"
EndProject
Global
	GlobalSection(SolutionConfigurationPlatforms) = preSolution
		Debug|Any CPU = Debug|Any CPU
		Release|Any CPU = Release|Any CPU
	EndGlobalSection
	GlobalSection(ProjectConfigurationPlatforms) = postSolution
		{731EC51B-B2B9-4550-86B3-ACF50C7909E2}.Debug|Any CPU.ActiveCfg = Debug|Any CPU
		{731EC51B-B2B9-4550-86B3-ACF50C7909E2}.Debug|Any CPU.Build.0 = Debug|Any CPU
		{731EC51B-B2B9-4550-86B3-ACF50C7909E2}.Release|Any CPU.ActiveCfg = Release|Any CPU
		{731EC51B-B2B9-4550-86B3-ACF50C7909E2}.Release|Any CPU.Build.0 = Release|Any CPU
	EndGlobalSection
	GlobalSection(SolutionProperties) = preSolution
		HideSolutionNode = FALSE
	EndGlobalSection
	GlobalSection(ExtensibilityGlobals) = postSolution
		SolutionGuid = {902839BA-7CE9-497F-9E40-6127BBD531CA}
	EndGlobalSection
EndGlobal
